{
  "name": "suno-api-cli",
  "version": "0.2.1",
  "lockfileVersion": 3,
  "requires": true,
  "packages": {
    "": {
      "name": "suno-api-cli",
      "version": "0.2.1",
      "license": "MIT",
      "bin": {
        "suno": "bin/suno.cjs"
      },
      "engines": {
        "node": ">=20"
      }
    }
  }
}
